
Microsoft Visual Studio Solution File, Format Version 12.00
# Visual Studio Version 17
VisualStudioVersion = 17.5.33627.172
MinimumVisualStudioVersion = 10.0.40219.1
Project("{FAE04EC0-301F-11D3-BF4B-00C04F79EFBC}") = "Billiard", "Billiard\Billiard.csproj", "{8E0BB27B-6242-436D-8F43-4DDD8D640467}"
EndProject
Global
	GlobalSection(SolutionConfigurationPlatforms) = preSolution
		Debug|Any CPU = Debug|Any CPU
		Release|Any CPU = Release|Any CPU
	EndGlobalSection
	GlobalSection(ProjectConfigurationPlatforms) = postSolution
		{8E0BB27B-6242-436D-8F43-4DDD8D640467}.Debug|Any CPU.ActiveCfg = Debug|Any CPU
		{8E0BB27B-6242-436D-8F43-4DDD8D640467}.Debug|Any CPU.Build.0 = Debug|Any CPU
		{8E0BB27B-6242-436D-8F43-4DDD8D640467}.Release|Any CPU.ActiveCfg = Release|Any CPU
		{8E0BB27B-6242-436D-8F43-4DDD8D640467}.Release|Any CPU.Build.0 = Release|Any CPU
	EndGlobalSection
	GlobalSection(SolutionProperties) = preSolution
		HideSolutionNode = FALSE
	EndGlobalSection
	GlobalSection(ExtensibilityGlobals) = postSolution
		SolutionGuid = {8DE3AF7D-44F2-4D8D-9130-E6AA8E28E6AD}
	EndGlobalSection
EndGlobal
